PODS:
  - Capacitor (1.1.1):
    - CapacitorCordova (= 1.1.1)
  - CapacitorCordova (1.1.1)
  - CordovaPlugins (1.1.1):
    - CapacitorCordova
  - CordovaPluginsResources (0.0.105)

DEPENDENCIES:
  - "Capacitor (from `../../node_modules/@capacitor/ios`)"
  - "CapacitorCordova (from `../../node_modules/@capacitor/ios`)"
  - CordovaPlugins (from `../capacitor-cordova-ios-plugins`)
  - CordovaPluginsResources (from `../capacitor-cordova-ios-plugins`)

EXTERNAL SOURCES:
  Capacitor:
    :path: "../../node_modules/@capacitor/ios"
  CapacitorCordova:
    :path: "../../node_modules/@capacitor/ios"
  CordovaPlugins:
    :path: "../capacitor-cordova-ios-plugins"
  CordovaPluginsResources:
    :path: "../capacitor-cordova-ios-plugins"

SPEC CHECKSUMS:
  Capacitor: f245413edff86ebf3d18bf76cadaee4be58b4a04
  CapacitorCordova: 25811fd90c0ea23ea135a42a217d1918873fa566
  CordovaPlugins: 3b49fc3f49cac0412fbff656e212b3feaff16cf2
  CordovaPluginsResources: 323f609dca3c233ad6c425093aa717b87ddc2aa7

PODFILE CHECKSUM: 5ad79ac0787a5f821b9ba6ff20ac717b8d75b091

COCOAPODS: 1.7.4
